
Microsoft Visual Studio Solution File, Format Version 12.00
# Visual Studio 14
VisualStudioVersion = 14.0.24720.0
MinimumVisualStudioVersion = 10.0.40219.1
Project("{FAE04EC0-301F-11D3-BF4B-00C04F79EFBC}") = "TT.Web", "TT.Web\TT.Web.csproj", "{C7EA9B94-C0DD-4522-8758-4C029A1DEECC}"
EndProject
Project("{FAE04EC0-301F-11D3-BF4B-00C04F79EFBC}") = "TT.MarketDataService", "TT.MarketDataService\TT.MarketDataService.csproj", "{B41E7F2F-EBBF-4D2A-9364-1945386B94D4}"
EndProject
Project("{FAE04EC0-301F-11D3-BF4B-00C04F79EFBC}") = "TT.Core", "TT.Core\TT.Core.csproj", "{838291C3-3A57-4E92-B690-3BE938A0CD3C}"
EndProject
Project("{FAE04EC0-301F-11D3-BF4B-00C04F79EFBC}") = "TT.DAL", "TT.DAL\TT.DAL.csproj", "{79BBEF24-648C-4222-B54C-89D838F01259}"
EndProject
Project("{FAE04EC0-301F-11D3-BF4B-00C04F79EFBC}") = "TT.DAL.Tests", "TT.UnitTests\TT.DAL.Tests.csproj", "{92E0BA17-9204-4EA8-9348-1F528FD7B6D1}"
EndProject
Project("{FAE04EC0-301F-11D3-BF4B-00C04F79EFBC}") = "TT.WebSocketPublisher", "TT.WebSocketPublisher\TT.WebSocketPublisher.csproj", "{53DA8D27-4544-4EB3-9C21-613B64D48065}"
EndProject
Project("{FAE04EC0-301F-11D3-BF4B-00C04F79EFBC}") = "TT.WSServer", "TT.WSServer\TT.WSServer.csproj", "{8D071AB2-D87C-4EA3-A62B-8AF03AB22B31}"
EndProject
Project("{FAE04EC0-301F-11D3-BF4B-00C04F79EFBC}") = "TT.WSServer.Tests", "TT.WSServer.Tests\TT.WSServer.Tests.csproj", "{FEE2665F-58E1-4999-B7F6-51372630818C}"
EndProject
Project("{2150E333-8FDC-42A3-9474-1A3956D46DE8}") = "Test", "Test", "{342DA148-0390-4B53-AF0C-DA696C4CA161}"
EndProject
Global
	GlobalSection(SolutionConfigurationPlatforms) = preSolution
		Debug|Any CPU = Debug|Any CPU
		Release|Any CPU = Release|Any CPU
	EndGlobalSection
	GlobalSection(ProjectConfigurationPlatforms) = postSolution
		{C7EA9B94-C0DD-4522-8758-4C029A1DEECC}.Debug|Any CPU.ActiveCfg = Debug|Any CPU
		{C7EA9B94-C0DD-4522-8758-4C029A1DEECC}.Debug|Any CPU.Build.0 = Debug|Any CPU
		{C7EA9B94-C0DD-4522-8758-4C029A1DEECC}.Release|Any CPU.ActiveCfg = Release|Any CPU
		{C7EA9B94-C0DD-4522-8758-4C029A1DEECC}.Release|Any CPU.Build.0 = Release|Any CPU
		{B41E7F2F-EBBF-4D2A-9364-1945386B94D4}.Debug|Any CPU.ActiveCfg = Debug|Any CPU
		{B41E7F2F-EBBF-4D2A-9364-1945386B94D4}.Debug|Any CPU.Build.0 = Debug|Any CPU
		{B41E7F2F-EBBF-4D2A-9364-1945386B94D4}.Release|Any CPU.ActiveCfg = Release|Any CPU
		{B41E7F2F-EBBF-4D2A-9364-1945386B94D4}.Release|Any CPU.Build.0 = Release|Any CPU
		{838291C3-3A57-4E92-B690-3BE938A0CD3C}.Debug|Any CPU.ActiveCfg = Debug|Any CPU
		{838291C3-3A57-4E92-B690-3BE938A0CD3C}.Debug|Any CPU.Build.0 = Debug|Any CPU
		{838291C3-3A57-4E92-B690-3BE938A0CD3C}.Release|Any CPU.ActiveCfg = Release|Any CPU
		{838291C3-3A57-4E92-B690-3BE938A0CD3C}.Release|Any CPU.Build.0 = Release|Any CPU
		{79BBEF24-648C-4222-B54C-89D838F01259}.Debug|Any CPU.ActiveCfg = Debug|Any CPU
		{79BBEF24-648C-4222-B54C-89D838F01259}.Debug|Any CPU.Build.0 = Debug|Any CPU
		{79BBEF24-648C-4222-B54C-89D838F01259}.Release|Any CPU.ActiveCfg = Release|Any CPU
		{79BBEF24-648C-4222-B54C-89D838F01259}.Release|Any CPU.Build.0 = Release|Any CPU
		{92E0BA17-9204-4EA8-9348-1F528FD7B6D1}.Debug|Any CPU.ActiveCfg = Debug|Any CPU
		{92E0BA17-9204-4EA8-9348-1F528FD7B6D1}.Debug|Any CPU.Build.0 = Debug|Any CPU
		{92E0BA17-9204-4EA8-9348-1F528FD7B6D1}.Release|Any CPU.ActiveCfg = Release|Any CPU
		{92E0BA17-9204-4EA8-9348-1F528FD7B6D1}.Release|Any CPU.Build.0 = Release|Any CPU
		{53DA8D27-4544-4EB3-9C21-613B64D48065}.Debug|Any CPU.ActiveCfg = Debug|Any CPU
		{53DA8D27-4544-4EB3-9C21-613B64D48065}.Debug|Any CPU.Build.0 = Debug|Any CPU
		{53DA8D27-4544-4EB3-9C21-613B64D48065}.Release|Any CPU.ActiveCfg = Release|Any CPU
		{53DA8D27-4544-4EB3-9C21-613B64D48065}.Release|Any CPU.Build.0 = Release|Any CPU
		{8D071AB2-D87C-4EA3-A62B-8AF03AB22B31}.Debug|Any CPU.ActiveCfg = Debug|Any CPU
		{8D071AB2-D87C-4EA3-A62B-8AF03AB22B31}.Debug|Any CPU.Build.0 = Debug|Any CPU
		{8D071AB2-D87C-4EA3-A62B-8AF03AB22B31}.Release|Any CPU.ActiveCfg = Release|Any CPU
		{8D071AB2-D87C-4EA3-A62B-8AF03AB22B31}.Release|Any CPU.Build.0 = Release|Any CPU
		{FEE2665F-58E1-4999-B7F6-51372630818C}.Debug|Any CPU.ActiveCfg = Debug|Any CPU
		{FEE2665F-58E1-4999-B7F6-51372630818C}.Debug|Any CPU.Build.0 = Debug|Any CPU
		{FEE2665F-58E1-4999-B7F6-51372630818C}.Release|Any CPU.ActiveCfg = Release|Any CPU
		{FEE2665F-58E1-4999-B7F6-51372630818C}.Release|Any CPU.Build.0 = Release|Any CPU
	EndGlobalSection
	GlobalSection(SolutionProperties) = preSolution
		HideSolutionNode = FALSE
	EndGlobalSection
	GlobalSection(NestedProjects) = preSolution
		{92E0BA17-9204-4EA8-9348-1F528FD7B6D1} = {342DA148-0390-4B53-AF0C-DA696C4CA161}
		{FEE2665F-58E1-4999-B7F6-51372630818C} = {342DA148-0390-4B53-AF0C-DA696C4CA161}
	EndGlobalSection
EndGlobal
