
Microsoft Visual Studio Solution File, Format Version 12.00
# Visual Studio 14
VisualStudioVersion = 14.0.24720.0
MinimumVisualStudioVersion = 10.0.40219.1
Project("{FAE04EC0-301F-11D3-BF4B-00C04F79EFBC}") = "TT.Web", "TT.Web\TT.Web.csproj", "{C7EA9B94-C0DD-4522-8758-4C029A1DEECC}"
EndProject
Project("{FAE04EC0-301F-11D3-BF4B-00C04F79EFBC}") = "TT.Web.Tests", "TT.Web.Tests\TT.Web.Tests.csproj", "{F1DFDE2C-543F-417B-B208-B065A0EB755A}"
EndProject
Project("{FAE04EC0-301F-11D3-BF4B-00C04F79EFBC}") = "TT.WebSocketService", "WebSocketService\TT.WebSocketService.csproj", "{852C7DEF-ABA2-474D-8D01-6E3CEDACDE6B}"
EndProject
Project("{FAE04EC0-301F-11D3-BF4B-00C04F79EFBC}") = "TT.MarketDataService", "TT.MarketDataService\TT.MarketDataService.csproj", "{B41E7F2F-EBBF-4D2A-9364-1945386B94D4}"
EndProject
Global
	GlobalSection(SolutionConfigurationPlatforms) = preSolution
		Debug|Any CPU = Debug|Any CPU
		Release|Any CPU = Release|Any CPU
	EndGlobalSection
	GlobalSection(ProjectConfigurationPlatforms) = postSolution
		{C7EA9B94-C0DD-4522-8758-4C029A1DEECC}.Debug|Any CPU.ActiveCfg = Debug|Any CPU
		{C7EA9B94-C0DD-4522-8758-4C029A1DEECC}.Debug|Any CPU.Build.0 = Debug|Any CPU
		{C7EA9B94-C0DD-4522-8758-4C029A1DEECC}.Release|Any CPU.ActiveCfg = Release|Any CPU
		{C7EA9B94-C0DD-4522-8758-4C029A1DEECC}.Release|Any CPU.Build.0 = Release|Any CPU
		{F1DFDE2C-543F-417B-B208-B065A0EB755A}.Debug|Any CPU.ActiveCfg = Debug|Any CPU
		{F1DFDE2C-543F-417B-B208-B065A0EB755A}.Debug|Any CPU.Build.0 = Debug|Any CPU
		{F1DFDE2C-543F-417B-B208-B065A0EB755A}.Release|Any CPU.ActiveCfg = Release|Any CPU
		{F1DFDE2C-543F-417B-B208-B065A0EB755A}.Release|Any CPU.Build.0 = Release|Any CPU
		{852C7DEF-ABA2-474D-8D01-6E3CEDACDE6B}.Debug|Any CPU.ActiveCfg = Debug|Any CPU
		{852C7DEF-ABA2-474D-8D01-6E3CEDACDE6B}.Debug|Any CPU.Build.0 = Debug|Any CPU
		{852C7DEF-ABA2-474D-8D01-6E3CEDACDE6B}.Release|Any CPU.ActiveCfg = Release|Any CPU
		{852C7DEF-ABA2-474D-8D01-6E3CEDACDE6B}.Release|Any CPU.Build.0 = Release|Any CPU
		{B41E7F2F-EBBF-4D2A-9364-1945386B94D4}.Debug|Any CPU.ActiveCfg = Debug|Any CPU
		{B41E7F2F-EBBF-4D2A-9364-1945386B94D4}.Debug|Any CPU.Build.0 = Debug|Any CPU
		{B41E7F2F-EBBF-4D2A-9364-1945386B94D4}.Release|Any CPU.ActiveCfg = Release|Any CPU
		{B41E7F2F-EBBF-4D2A-9364-1945386B94D4}.Release|Any CPU.Build.0 = Release|Any CPU
	EndGlobalSection
	GlobalSection(SolutionProperties) = preSolution
		HideSolutionNode = FALSE
	EndGlobalSection
EndGlobal
